
Microsoft Visual Studio Solution File, Format Version 12.00
# Visual Studio Version 17
VisualStudioVersion = 17.9.34902.65
MinimumVisualStudioVersion = 10.0.40219.1
Project("{9A19103F-16F7-4668-BE54-9A1E7A4F7556}") = "CustomSaberColors", "CustomSaberColors\CustomSaberColors.csproj", "{F08A3404-CF69-44C0-9284-88ABCD165ECB}"
EndProject
Global
	GlobalSection(SolutionConfigurationPlatforms) = preSolution
		Debug|Any CPU = Debug|Any CPU
		Release|Any CPU = Release|Any CPU
	EndGlobalSection
	GlobalSection(ProjectConfigurationPlatforms) = postSolution
		{F08A3404-CF69-44C0-9284-88ABCD165ECB}.Debug|Any CPU.ActiveCfg = Debug|Any CPU
		{F08A3404-CF69-44C0-9284-88ABCD165ECB}.Debug|Any CPU.Build.0 = Debug|Any CPU
		{F08A3404-CF69-44C0-9284-88ABCD165ECB}.Release|Any CPU.ActiveCfg = Release|Any CPU
		{F08A3404-CF69-44C0-9284-88ABCD165ECB}.Release|Any CPU.Build.0 = Release|Any CPU
	EndGlobalSection
	GlobalSection(SolutionProperties) = preSolution
		HideSolutionNode = FALSE
	EndGlobalSection
	GlobalSection(ExtensibilityGlobals) = postSolution
		SolutionGuid = {0F74B0D7-1771-494E-8DF3-C95581CA531A}
	EndGlobalSection
EndGlobal
